
Microsoft Visual Studio Solution File, Format Version 12.00
# Visual Studio Version 17
VisualStudioVersion = 17.9.34622.214
MinimumVisualStudioVersion = 10.0.40219.1
Project("{9A19103F-16F7-4668-BE54-9A1E7A4F7556}") = "ArrayChallenges", "ArrayChallenges\ArrayChallenges.csproj", "{1813D5B7-5471-456B-BAE5-FD584C1BCDC5}"
EndProject
Project("{FAE04EC0-301F-11D3-BF4B-00C04F79EFBC}") = "StringChallenges", "StringChallenges\StringChallenges.csproj", "{8A300CA5-9C09-4C77-9C83-BBDF81CD1584}"
EndProject
Global
	GlobalSection(SolutionConfigurationPlatforms) = preSolution
		Debug|Any CPU = Debug|Any CPU
		Release|Any CPU = Release|Any CPU
	EndGlobalSection
	GlobalSection(ProjectConfigurationPlatforms) = postSolution
		{1813D5B7-5471-456B-BAE5-FD584C1BCDC5}.Debug|Any CPU.ActiveCfg = Debug|Any CPU
		{1813D5B7-5471-456B-BAE5-FD584C1BCDC5}.Debug|Any CPU.Build.0 = Debug|Any CPU
		{1813D5B7-5471-456B-BAE5-FD584C1BCDC5}.Release|Any CPU.ActiveCfg = Release|Any CPU
		{1813D5B7-5471-456B-BAE5-FD584C1BCDC5}.Release|Any CPU.Build.0 = Release|Any CPU
		{8A300CA5-9C09-4C77-9C83-BBDF81CD1584}.Debug|Any CPU.ActiveCfg = Debug|Any CPU
		{8A300CA5-9C09-4C77-9C83-BBDF81CD1584}.Debug|Any CPU.Build.0 = Debug|Any CPU
		{8A300CA5-9C09-4C77-9C83-BBDF81CD1584}.Release|Any CPU.ActiveCfg = Release|Any CPU
		{8A300CA5-9C09-4C77-9C83-BBDF81CD1584}.Release|Any CPU.Build.0 = Release|Any CPU
	EndGlobalSection
	GlobalSection(SolutionProperties) = preSolution
		HideSolutionNode = FALSE
	EndGlobalSection
	GlobalSection(ExtensibilityGlobals) = postSolution
		SolutionGuid = {809DFFB2-8B25-488B-AF7D-C4FE0D3233A3}
	EndGlobalSection
EndGlobal
